
Microsoft Visual Studio Solution File, Format Version 12.00
# Visual Studio Version 17
VisualStudioVersion = 17.14.36414.22
MinimumVisualStudioVersion = 10.0.40219.1
Project("{FAE04EC0-301F-11D3-BF4B-00C04F79EFBC}") = "Numeros", "Numeros\Numeros.csproj", "{0379C07F-C20F-4ADB-A412-5ABB068C1398}"
EndProject
Project("{FAE04EC0-301F-11D3-BF4B-00C04F79EFBC}") = "Calculadora", "Calculadora\Calculadora.csproj", "{926B1758-1E53-44D9-A495-67132793B877}"
EndProject
Project("{FAE04EC0-301F-11D3-BF4B-00C04F79EFBC}") = "Media", "Media\Media.csproj", "{7C94160F-9872-4164-B5CF-4FD3FE1F77E6}"
EndProject
Project("{FAE04EC0-301F-11D3-BF4B-00C04F79EFBC}") = "Loteria", "Loteria\Loteria.csproj", "{40AD7D91-F2E1-48F7-AA3C-21233E3FBDA8}"
EndProject
Project("{FAE04EC0-301F-11D3-BF4B-00C04F79EFBC}") = "Comparacao", "Comparacao\Comparacao.csproj", "{E16B622D-2359-41AD-9FC9-C2CE173FAD10}"
EndProject
Project("{FAE04EC0-301F-11D3-BF4B-00C04F79EFBC}") = "Senha", "Senha\Senha.csproj", "{C4EC3AC9-0895-4250-B4CC-AA8E03FA6FF0}"
EndProject
Project("{FAE04EC0-301F-11D3-BF4B-00C04F79EFBC}") = "Pescador", "Pescador\Pescador.csproj", "{51A61E54-61C4-4A96-895F-CC206E04788C}"
EndProject
Project("{FAE04EC0-301F-11D3-BF4B-00C04F79EFBC}") = "Voto", "Voto\Voto.csproj", "{E587DD50-74DE-436E-8445-05F707ADA63E}"
EndProject
Project("{FAE04EC0-301F-11D3-BF4B-00C04F79EFBC}") = "Salario", "Salario\Salario.csproj", "{A695C85B-0521-4086-B692-DDE8F3355E2C}"
EndProject
Project("{FAE04EC0-301F-11D3-BF4B-00C04F79EFBC}") = "AntSuc", "AntSuc\AntSuc.csproj", "{EACEAF10-7490-408F-AC80-BE9A5D892E1B}"
EndProject
Project("{FAE04EC0-301F-11D3-BF4B-00C04F79EFBC}") = "Elevador", "Elevador\Elevador.csproj", "{775FFDD1-524C-4C49-9C1C-51C59340893F}"
EndProject
Project("{FAE04EC0-301F-11D3-BF4B-00C04F79EFBC}") = "Tabuada", "Tabuada\Tabuada.csproj", "{EAEA58DE-0E8D-4DD5-A4F6-BB3DF56EAE3D}"
EndProject
Project("{FAE04EC0-301F-11D3-BF4B-00C04F79EFBC}") = "Posto", "Posto\Posto.csproj", "{2E8254E1-CB32-4206-83C0-ED91CCFF133E}"
EndProject
Project("{FAE04EC0-301F-11D3-BF4B-00C04F79EFBC}") = "ParesImpares", "ParesImpares\ParesImpares.csproj", "{CC5B72DC-323B-4A86-9F7D-1431D762A9FA}"
EndProject
Project("{FAE04EC0-301F-11D3-BF4B-00C04F79EFBC}") = "Escola", "Escola\Escola.csproj", "{6E960359-26BF-424A-813C-645C4196FAE6}"
EndProject
Project("{FAE04EC0-301F-11D3-BF4B-00C04F79EFBC}") = "PrePro", "PrePro\PrePro.csproj", "{3B61DAAE-C52E-44CE-A6A8-1937705DF1FB}"
EndProject
Project("{FAE04EC0-301F-11D3-BF4B-00C04F79EFBC}") = "Jogo", "Jogo\Jogo.csproj", "{B1259BA5-C614-40B2-9E5A-61F862D1D796}"
EndProject
Project("{FAE04EC0-301F-11D3-BF4B-00C04F79EFBC}") = "ElevadorLoop", "ElevadorLoop\ElevadorLoop.csproj", "{705D5AC8-69FE-4450-AD7C-DCB378EF5A47}"
EndProject
Global
	GlobalSection(SolutionConfigurationPlatforms) = preSolution
		Debug|Any CPU = Debug|Any CPU
		Release|Any CPU = Release|Any CPU
	EndGlobalSection
	GlobalSection(ProjectConfigurationPlatforms) = postSolution
		{0379C07F-C20F-4ADB-A412-5ABB068C1398}.Debug|Any CPU.ActiveCfg = Debug|Any CPU
		{0379C07F-C20F-4ADB-A412-5ABB068C1398}.Debug|Any CPU.Build.0 = Debug|Any CPU
		{0379C07F-C20F-4ADB-A412-5ABB068C1398}.Release|Any CPU.ActiveCfg = Release|Any CPU
		{0379C07F-C20F-4ADB-A412-5ABB068C1398}.Release|Any CPU.Build.0 = Release|Any CPU
		{926B1758-1E53-44D9-A495-67132793B877}.Debug|Any CPU.ActiveCfg = Debug|Any CPU
		{926B1758-1E53-44D9-A495-67132793B877}.Debug|Any CPU.Build.0 = Debug|Any CPU
		{926B1758-1E53-44D9-A495-67132793B877}.Release|Any CPU.ActiveCfg = Release|Any CPU
		{926B1758-1E53-44D9-A495-67132793B877}.Release|Any CPU.Build.0 = Release|Any CPU
		{7C94160F-9872-4164-B5CF-4FD3FE1F77E6}.Debug|Any CPU.ActiveCfg = Debug|Any CPU
		{7C94160F-9872-4164-B5CF-4FD3FE1F77E6}.Debug|Any CPU.Build.0 = Debug|Any CPU
		{7C94160F-9872-4164-B5CF-4FD3FE1F77E6}.Release|Any CPU.ActiveCfg = Release|Any CPU
		{7C94160F-9872-4164-B5CF-4FD3FE1F77E6}.Release|Any CPU.Build.0 = Release|Any CPU
		{40AD7D91-F2E1-48F7-AA3C-21233E3FBDA8}.Debug|Any CPU.ActiveCfg = Debug|Any CPU
		{40AD7D91-F2E1-48F7-AA3C-21233E3FBDA8}.Debug|Any CPU.Build.0 = Debug|Any CPU
		{40AD7D91-F2E1-48F7-AA3C-21233E3FBDA8}.Release|Any CPU.ActiveCfg = Release|Any CPU
		{40AD7D91-F2E1-48F7-AA3C-21233E3FBDA8}.Release|Any CPU.Build.0 = Release|Any CPU
		{E16B622D-2359-41AD-9FC9-C2CE173FAD10}.Debug|Any CPU.ActiveCfg = Debug|Any CPU
		{E16B622D-2359-41AD-9FC9-C2CE173FAD10}.Debug|Any CPU.Build.0 = Debug|Any CPU
		{E16B622D-2359-41AD-9FC9-C2CE173FAD10}.Release|Any CPU.ActiveCfg = Release|Any CPU
		{E16B622D-2359-41AD-9FC9-C2CE173FAD10}.Release|Any CPU.Build.0 = Release|Any CPU
		{C4EC3AC9-0895-4250-B4CC-AA8E03FA6FF0}.Debug|Any CPU.ActiveCfg = Debug|Any CPU
		{C4EC3AC9-0895-4250-B4CC-AA8E03FA6FF0}.Debug|Any CPU.Build.0 = Debug|Any CPU
		{C4EC3AC9-0895-4250-B4CC-AA8E03FA6FF0}.Release|Any CPU.ActiveCfg = Release|Any CPU
		{C4EC3AC9-0895-4250-B4CC-AA8E03FA6FF0}.Release|Any CPU.Build.0 = Release|Any CPU
		{51A61E54-61C4-4A96-895F-CC206E04788C}.Debug|Any CPU.ActiveCfg = Debug|Any CPU
		{51A61E54-61C4-4A96-895F-CC206E04788C}.Debug|Any CPU.Build.0 = Debug|Any CPU
		{51A61E54-61C4-4A96-895F-CC206E04788C}.Release|Any CPU.ActiveCfg = Release|Any CPU
		{51A61E54-61C4-4A96-895F-CC206E04788C}.Release|Any CPU.Build.0 = Release|Any CPU
		{E587DD50-74DE-436E-8445-05F707ADA63E}.Debug|Any CPU.ActiveCfg = Debug|Any CPU
		{E587DD50-74DE-436E-8445-05F707ADA63E}.Debug|Any CPU.Build.0 = Debug|Any CPU
		{E587DD50-74DE-436E-8445-05F707ADA63E}.Release|Any CPU.ActiveCfg = Release|Any CPU
		{E587DD50-74DE-436E-8445-05F707ADA63E}.Release|Any CPU.Build.0 = Release|Any CPU
		{A695C85B-0521-4086-B692-DDE8F3355E2C}.Debug|Any CPU.ActiveCfg = Debug|Any CPU
		{A695C85B-0521-4086-B692-DDE8F3355E2C}.Debug|Any CPU.Build.0 = Debug|Any CPU
		{A695C85B-0521-4086-B692-DDE8F3355E2C}.Release|Any CPU.ActiveCfg = Release|Any CPU
		{A695C85B-0521-4086-B692-DDE8F3355E2C}.Release|Any CPU.Build.0 = Release|Any CPU
		{EACEAF10-7490-408F-AC80-BE9A5D892E1B}.Debug|Any CPU.ActiveCfg = Debug|Any CPU
		{EACEAF10-7490-408F-AC80-BE9A5D892E1B}.Debug|Any CPU.Build.0 = Debug|Any CPU
		{EACEAF10-7490-408F-AC80-BE9A5D892E1B}.Release|Any CPU.ActiveCfg = Release|Any CPU
		{EACEAF10-7490-408F-AC80-BE9A5D892E1B}.Release|Any CPU.Build.0 = Release|Any CPU
		{775FFDD1-524C-4C49-9C1C-51C59340893F}.Debug|Any CPU.ActiveCfg = Debug|Any CPU
		{775FFDD1-524C-4C49-9C1C-51C59340893F}.Debug|Any CPU.Build.0 = Debug|Any CPU
		{775FFDD1-524C-4C49-9C1C-51C59340893F}.Release|Any CPU.ActiveCfg = Release|Any CPU
		{775FFDD1-524C-4C49-9C1C-51C59340893F}.Release|Any CPU.Build.0 = Release|Any CPU
		{EAEA58DE-0E8D-4DD5-A4F6-BB3DF56EAE3D}.Debug|Any CPU.ActiveCfg = Debug|Any CPU
		{EAEA58DE-0E8D-4DD5-A4F6-BB3DF56EAE3D}.Debug|Any CPU.Build.0 = Debug|Any CPU
		{EAEA58DE-0E8D-4DD5-A4F6-BB3DF56EAE3D}.Release|Any CPU.ActiveCfg = Release|Any CPU
		{EAEA58DE-0E8D-4DD5-A4F6-BB3DF56EAE3D}.Release|Any CPU.Build.0 = Release|Any CPU
		{2E8254E1-CB32-4206-83C0-ED91CCFF133E}.Debug|Any CPU.ActiveCfg = Debug|Any CPU
		{2E8254E1-CB32-4206-83C0-ED91CCFF133E}.Debug|Any CPU.Build.0 = Debug|Any CPU
		{2E8254E1-CB32-4206-83C0-ED91CCFF133E}.Release|Any CPU.ActiveCfg = Release|Any CPU
		{2E8254E1-CB32-4206-83C0-ED91CCFF133E}.Release|Any CPU.Build.0 = Release|Any CPU
		{CC5B72DC-323B-4A86-9F7D-1431D762A9FA}.Debug|Any CPU.ActiveCfg = Debug|Any CPU
		{CC5B72DC-323B-4A86-9F7D-1431D762A9FA}.Debug|Any CPU.Build.0 = Debug|Any CPU
		{CC5B72DC-323B-4A86-9F7D-1431D762A9FA}.Release|Any CPU.ActiveCfg = Release|Any CPU
		{CC5B72DC-323B-4A86-9F7D-1431D762A9FA}.Release|Any CPU.Build.0 = Release|Any CPU
		{6E960359-26BF-424A-813C-645C4196FAE6}.Debug|Any CPU.ActiveCfg = Debug|Any CPU
		{6E960359-26BF-424A-813C-645C4196FAE6}.Debug|Any CPU.Build.0 = Debug|Any CPU
		{6E960359-26BF-424A-813C-645C4196FAE6}.Release|Any CPU.ActiveCfg = Release|Any CPU
		{6E960359-26BF-424A-813C-645C4196FAE6}.Release|Any CPU.Build.0 = Release|Any CPU
		{3B61DAAE-C52E-44CE-A6A8-1937705DF1FB}.Debug|Any CPU.ActiveCfg = Debug|Any CPU
		{3B61DAAE-C52E-44CE-A6A8-1937705DF1FB}.Debug|Any CPU.Build.0 = Debug|Any CPU
		{3B61DAAE-C52E-44CE-A6A8-1937705DF1FB}.Release|Any CPU.ActiveCfg = Release|Any CPU
		{3B61DAAE-C52E-44CE-A6A8-1937705DF1FB}.Release|Any CPU.Build.0 = Release|Any CPU
		{B1259BA5-C614-40B2-9E5A-61F862D1D796}.Debug|Any CPU.ActiveCfg = Debug|Any CPU
		{B1259BA5-C614-40B2-9E5A-61F862D1D796}.Debug|Any CPU.Build.0 = Debug|Any CPU
		{B1259BA5-C614-40B2-9E5A-61F862D1D796}.Release|Any CPU.ActiveCfg = Release|Any CPU
		{B1259BA5-C614-40B2-9E5A-61F862D1D796}.Release|Any CPU.Build.0 = Release|Any CPU
		{705D5AC8-69FE-4450-AD7C-DCB378EF5A47}.Debug|Any CPU.ActiveCfg = Debug|Any CPU
		{705D5AC8-69FE-4450-AD7C-DCB378EF5A47}.Debug|Any CPU.Build.0 = Debug|Any CPU
		{705D5AC8-69FE-4450-AD7C-DCB378EF5A47}.Release|Any CPU.ActiveCfg = Release|Any CPU
		{705D5AC8-69FE-4450-AD7C-DCB378EF5A47}.Release|Any CPU.Build.0 = Release|Any CPU
	EndGlobalSection
	GlobalSection(SolutionProperties) = preSolution
		HideSolutionNode = FALSE
	EndGlobalSection
	GlobalSection(ExtensibilityGlobals) = postSolution
		SolutionGuid = {D8076D67-E146-4E65-8B76-DF3662F12747}
	EndGlobalSection
EndGlobal
